// !$*UTF8*$!
{
	archiveVersion = 1;
	classes = {
	};
	objectVersion = 48;
	objects = {

/* Begin PBXBuildFile section */
		3313DA0820E4DE01001FDD56 /* UIView+FontZoom.m in Sources */ = {isa = PBXBuildFile; fileRef = 3313DA0720E4DE01001FDD56 /* UIView+FontZoom.m */; };
		331C542720E5BAFA005B9CB3 /* UILabel+FontZoom.m in Sources */ = {isa = PBXBuildFile; fileRef = 331C541F20E5BAF9005B9CB3 /* UILabel+FontZoom.m */; };
		331C542820E5BAFA005B9CB3 /* UITextView+FontZoom.m in Sources */ = {isa = PBXBuildFile; fileRef = 331C542020E5BAFA005B9CB3 /* UITextView+FontZoom.m */; };
		331C542920E5BAFA005B9CB3 /* UIButton+FontZoom.m in Sources */ = {isa = PBXBuildFile; fileRef = 331C542220E5BAFA005B9CB3 /* UIButton+FontZoom.m */; };
		331C542A20E5BAFA005B9CB3 /* UITextField+FontZoom.m in Sources */ = {isa = PBXBuildFile; fileRef = 331C542520E5BAFA005B9CB3 /* UITextField+FontZoom.m */; };
		3363B0EA20D35A2F009A7840 /* AppDelegate.m in Sources */ = {isa = PBXBuildFile; fileRef = 3363B0E920D35A2F009A7840 /* AppDelegate.m */; };
		3363B0ED20D35A2F009A7840 /* ViewController.m in Sources */ = {isa = PBXBuildFile; fileRef = 3363B0EC20D35A2F009A7840 /* ViewController.m */; };
		3363B0F020D35A2F009A7840 /* Main.storyboard in Resources */ = {isa = PBXBuildFile; fileRef = 3363B0EE20D35A2F009A7840 /* Main.storyboard */; };
		3363B0F220D35A2F009A7840 /* Assets.xcassets in Resources */ = {isa = PBXBuildFile; fileRef = 3363B0F120D35A2F009A7840 /* Assets.xcassets */; };
		3363B0F520D35A2F009A7840 /* LaunchScreen.storyboard in Resources */ = {isa = PBXBuildFile; fileRef = 3363B0F320D35A2F009A7840 /* LaunchScreen.storyboard */; };
		3363B0F820D35A2F009A7840 /* main.m in Sources */ = {isa = PBXBuildFile; fileRef = 3363B0F720D35A2F009A7840 /* main.m */; };
		3363B10220D35B54009A7840 /* NSLayoutConstraint+Adapter.m in Sources */ = {isa = PBXBuildFile; fileRef = 3363B10120D35B54009A7840 /* NSLayoutConstraint+Adapter.m */; };
		3363B10520D3631F009A7840 /* UIView+Operation.m in Sources */ = {isa = PBXBuildFile; fileRef = 3363B10420D3631F009A7840 /* UIView+Operation.m */; };
		3363B10920D3957C009A7840 /* UIButton+Operation.m in Sources */ = {isa = PBXBuildFile; fileRef = 3363B10820D3957C009A7840 /* UIButton+Operation.m */; };
		3363B10C20D39A4D009A7840 /* ButtonClickViewController.m in Sources */ = {isa = PBXBuildFile; fileRef = 3363B10B20D39A4D009A7840 /* ButtonClickViewController.m */; };
		3363B11020D3A90B009A7840 /* UILabel+Operation.m in Sources */ = {isa = PBXBuildFile; fileRef = 3363B10F20D3A90B009A7840 /* UILabel+Operation.m */; };
/* End PBXBuildFile section */

/* Begin PBXFileReference section */
		3313DA0620E4DE01001FDD56 /* UIView+FontZoom.h */ = {isa = PBXFileReference; lastKnownFileType = sourcecode.c.h; path = "UIView+FontZoom.h"; sourceTree = "<group>"; };
		3313DA0720E4DE01001FDD56 /* UIView+FontZoom.m */ = {isa = PBXFileReference; lastKnownFileType = sourcecode.c.objc; path = "UIView+FontZoom.m"; sourceTree = "<group>"; };
		331C541F20E5BAF9005B9CB3 /* UILabel+FontZoom.m */ = {isa = PBXFileReference; fileEncoding = 4; lastKnownFileType = sourcecode.c.objc; path = "UILabel+FontZoom.m"; sourceTree = "<group>"; };
		331C542020E5BAFA005B9CB3 /* UITextView+FontZoom.m */ = {isa = PBXFileReference; fileEncoding = 4; lastKnownFileType = sourcecode.c.objc; path = "UITextView+FontZoom.m"; sourceTree = "<group>"; };
		331C542120E5BAFA005B9CB3 /* UIButton+FontZoom.h */ = {isa = PBXFileReference; fileEncoding = 4; lastKnownFileType = sourcecode.c.h; path = "UIButton+FontZoom.h"; sourceTree = "<group>"; };
		331C542220E5BAFA005B9CB3 /* UIButton+FontZoom.m */ = {isa = PBXFileReference; fileEncoding = 4; lastKnownFileType = sourcecode.c.objc; path = "UIButton+FontZoom.m"; sourceTree = "<group>"; };
		331C542320E5BAFA005B9CB3 /* UILabel+FontZoom.h */ = {isa = PBXFileReference; fileEncoding = 4; lastKnownFileType = sourcecode.c.h; path = "UILabel+FontZoom.h"; sourceTree = "<group>"; };
		331C542420E5BAFA005B9CB3 /* UITextView+FontZoom.h */ = {isa = PBXFileReference; fileEncoding = 4; lastKnownFileType = sourcecode.c.h; path = "UITextView+FontZoom.h"; sourceTree = "<group>"; };
		331C542520E5BAFA005B9CB3 /* UITextField+FontZoom.m */ = {isa = PBXFileReference; fileEncoding = 4; lastKnownFileType = sourcecode.c.objc; path = "UITextField+FontZoom.m"; sourceTree = "<group>"; };
		331C542620E5BAFA005B9CB3 /* UITextField+FontZoom.h */ = {isa = PBXFileReference; fileEncoding = 4; lastKnownFileType = sourcecode.c.h; path = "UITextField+FontZoom.h"; sourceTree = "<group>"; };
		3363B0E520D35A2F009A7840 /* xib_Tool.app */ = {isa = PBXFileReference; explicitFileType = wrapper.application; includeInIndex = 0; path = xib_Tool.app; sourceTree = BUILT_PRODUCTS_DIR; };
		3363B0E820D35A2F009A7840 /* AppDelegate.h */ = {isa = PBXFileReference; lastKnownFileType = sourcecode.c.h; path = AppDelegate.h; sourceTree = "<group>"; };
		3363B0E920D35A2F009A7840 /* AppDelegate.m */ = {isa = PBXFileReference; lastKnownFileType = sourcecode.c.objc; path = AppDelegate.m; sourceTree = "<group>"; };
		3363B0EB20D35A2F009A7840 /* ViewController.h */ = {isa = PBXFileReference; lastKnownFileType = sourcecode.c.h; path = ViewController.h; sourceTree = "<group>"; };
		3363B0EC20D35A2F009A7840 /* ViewController.m */ = {isa = PBXFileReference; lastKnownFileType = sourcecode.c.objc; path = ViewController.m; sourceTree = "<group>"; };
		3363B0EF20D35A2F009A7840 /* Base */ = {isa = PBXFileReference; lastKnownFileType = file.storyboard; name = Base; path = Base.lproj/Main.storyboard; sourceTree = "<group>"; };
		3363B0F120D35A2F009A7840 /* Assets.xcassets */ = {isa = PBXFileReference; lastKnownFileType = folder.assetcatalog; path = Assets.xcassets; sourceTree = "<group>"; };
		3363B0F420D35A2F009A7840 /* Base */ = {isa = PBXFileReference; lastKnownFileType = file.storyboard; name = Base; path = Base.lproj/LaunchScreen.storyboard; sourceTree = "<group>"; };
		3363B0F620D35A2F009A7840 /* Info.plist */ = {isa = PBXFileReference; lastKnownFileType = text.plist.xml; path = Info.plist; sourceTree = "<group>"; };
		3363B0F720D35A2F009A7840 /* main.m */ = {isa = PBXFileReference; lastKnownFileType = sourcecode.c.objc; path = main.m; sourceTree = "<group>"; };
		3363B10020D35B54009A7840 /* NSLayoutConstraint+Adapter.h */ = {isa = PBXFileReference; lastKnownFileType = sourcecode.c.h; path = "NSLayoutConstraint+Adapter.h"; sourceTree = "<group>"; };
		3363B10120D35B54009A7840 /* NSLayoutConstraint+Adapter.m */ = {isa = PBXFileReference; lastKnownFileType = sourcecode.c.objc; path = "NSLayoutConstraint+Adapter.m"; sourceTree = "<group>"; };
		3363B10320D3631F009A7840 /* UIView+Operation.h */ = {isa = PBXFileReference; lastKnownFileType = sourcecode.c.h; path = "UIView+Operation.h"; sourceTree = "<group>"; };
		3363B10420D3631F009A7840 /* UIView+Operation.m */ = {isa = PBXFileReference; lastKnownFileType = sourcecode.c.objc; path = "UIView+Operation.m"; sourceTree = "<group>"; };
		3363B10720D3957C009A7840 /* UIButton+Operation.h */ = {isa = PBXFileReference; lastKnownFileType = sourcecode.c.h; path = "UIButton+Operation.h"; sourceTree = "<group>"; };
		3363B10820D3957C009A7840 /* UIButton+Operation.m */ = {isa = PBXFileReference; lastKnownFileType = sourcecode.c.objc; path = "UIButton+Operation.m"; sourceTree = "<group>"; };
		3363B10A20D39A4D009A7840 /* ButtonClickViewController.h */ = {isa = PBXFileReference; lastKnownFileType = sourcecode.c.h; path = ButtonClickViewController.h; sourceTree = "<group>"; };
		3363B10B20D39A4D009A7840 /* ButtonClickViewController.m */ = {isa = PBXFileReference; lastKnownFileType = sourcecode.c.objc; path = ButtonClickViewController.m; sourceTree = "<group>"; };
		3363B10E20D3A90B009A7840 /* UILabel+Operation.h */ = {isa = PBXFileReference; lastKnownFileType = sourcecode.c.h; path = "UILabel+Operation.h"; sourceTree = "<group>"; };
		3363B10F20D3A90B009A7840 /* UILabel+Operation.m */ = {isa = PBXFileReference; lastKnownFileType = sourcecode.c.objc; path = "UILabel+Operation.m"; sourceTree = "<group>"; };
/* End PBXFileReference section */

/* Begin PBXFrameworksBuildPhase section */
		3363B0E220D35A2F009A7840 /* Frameworks */ = {
			isa = PBXFrameworksBuildPhase;
			buildActionMask = 2147483647;
			files = (
			);
			runOnlyForDeploymentPostprocessing = 0;
		};
/* End PBXFrameworksBuildPhase section */

/* Begin PBXGroup section */
		3313D9F320E4B5D4001FDD56 /* UIFont_Zoom */ = {
			isa = PBXGroup;
			children = (
				331C542120E5BAFA005B9CB3 /* UIButton+FontZoom.h */,
				331C542220E5BAFA005B9CB3 /* UIButton+FontZoom.m */,
				331C542320E5BAFA005B9CB3 /* UILabel+FontZoom.h */,
				331C541F20E5BAF9005B9CB3 /* UILabel+FontZoom.m */,
				331C542620E5BAFA005B9CB3 /* UITextField+FontZoom.h */,
				331C542520E5BAFA005B9CB3 /* UITextField+FontZoom.m */,
				331C542420E5BAFA005B9CB3 /* UITextView+FontZoom.h */,
				331C542020E5BAFA005B9CB3 /* UITextView+FontZoom.m */,
				3313DA0620E4DE01001FDD56 /* UIView+FontZoom.h */,
				3313DA0720E4DE01001FDD56 /* UIView+FontZoom.m */,
			);
			path = UIFont_Zoom;
			sourceTree = "<group>";
		};
		3363B0DC20D35A2F009A7840 = {
			isa = PBXGroup;
			children = (
				3363B0E720D35A2F009A7840 /* xib_Tool */,
				3363B0E620D35A2F009A7840 /* Products */,
			);
			sourceTree = "<group>";
		};
		3363B0E620D35A2F009A7840 /* Products */ = {
			isa = PBXGroup;
			children = (
				3363B0E520D35A2F009A7840 /* xib_Tool.app */,
			);
			name = Products;
			sourceTree = "<group>";
		};
		3363B0E720D35A2F009A7840 /* xib_Tool */ = {
			isa = PBXGroup;
			children = (
				3313D9F320E4B5D4001FDD56 /* UIFont_Zoom */,
				3363B10D20D3A8DE009A7840 /* UILabel_Operation */,
				3363B10620D3950A009A7840 /* Button_Operation */,
				3363B0FE20D35B16009A7840 /* NSLayoutConstraint_Adapter */,
				3363B0FF20D35B16009A7840 /* View_ 0peration */,
				3363B0E820D35A2F009A7840 /* AppDelegate.h */,
				3363B0E920D35A2F009A7840 /* AppDelegate.m */,
				3363B0EB20D35A2F009A7840 /* ViewController.h */,
				3363B0EC20D35A2F009A7840 /* ViewController.m */,
				3363B10A20D39A4D009A7840 /* ButtonClickViewController.h */,
				3363B10B20D39A4D009A7840 /* ButtonClickViewController.m */,
				3363B0EE20D35A2F009A7840 /* Main.storyboard */,
				3363B0F120D35A2F009A7840 /* Assets.xcassets */,
				3363B0F320D35A2F009A7840 /* LaunchScreen.storyboard */,
				3363B0F620D35A2F009A7840 /* Info.plist */,
				3363B0F720D35A2F009A7840 /* main.m */,
			);
			path = xib_Tool;
			sourceTree = "<group>";
		};
		3363B0FE20D35B16009A7840 /* NSLayoutConstraint_Adapter */ = {
			isa = PBXGroup;
			children = (
				3363B10020D35B54009A7840 /* NSLayoutConstraint+Adapter.h */,
				3363B10120D35B54009A7840 /* NSLayoutConstraint+Adapter.m */,
			);
			path = NSLayoutConstraint_Adapter;
			sourceTree = "<group>";
		};
		3363B0FF20D35B16009A7840 /* View_ 0peration */ = {
			isa = PBXGroup;
			children = (
				3363B10320D3631F009A7840 /* UIView+Operation.h */,
				3363B10420D3631F009A7840 /* UIView+Operation.m */,
			);
			path = "View_ 0peration";
			sourceTree = "<group>";
		};
		3363B10620D3950A009A7840 /* Button_Operation */ = {
			isa = PBXGroup;
			children = (
				3363B10720D3957C009A7840 /* UIButton+Operation.h */,
				3363B10820D3957C009A7840 /* UIButton+Operation.m */,
			);
			path = Button_Operation;
			sourceTree = "<group>";
		};
		3363B10D20D3A8DE009A7840 /* UILabel_Operation */ = {
			isa = PBXGroup;
			children = (
				3363B10E20D3A90B009A7840 /* UILabel+Operation.h */,
				3363B10F20D3A90B009A7840 /* UILabel+Operation.m */,
			);
			path = UILabel_Operation;
			sourceTree = "<group>";
		};
/* End PBXGroup section */

/* Begin PBXNativeTarget section */
		3363B0E420D35A2F009A7840 /* xib_Tool */ = {
			isa = PBXNativeTarget;
			buildConfigurationList = 3363B0FB20D35A2F009A7840 /* Build configuration list for PBXNativeTarget "xib_Tool" */;
			buildPhases = (
				3363B0E120D35A2F009A7840 /* Sources */,
				3363B0E220D35A2F009A7840 /* Frameworks */,
				3363B0E320D35A2F009A7840 /* Resources */,
			);
			buildRules = (
			);
			dependencies = (
			);
			name = xib_Tool;
			productName = xib_Tool;
			productReference = 3363B0E520D35A2F009A7840 /* xib_Tool.app */;
			productType = "com.apple.product-type.application";
		};
/* End PBXNativeTarget section */

/* Begin PBXProject section */
		3363B0DD20D35A2F009A7840 /* Project object */ = {
			isa = PBXProject;
			attributes = {
				LastUpgradeCheck = 0910;
				ORGANIZATIONNAME = "彭文斌";
				TargetAttributes = {
					3363B0E420D35A2F009A7840 = {
						CreatedOnToolsVersion = 9.1;
						ProvisioningStyle = Automatic;
					};
				};
			};
			buildConfigurationList = 3363B0E020D35A2F009A7840 /* Build configuration list for PBXProject "xib_Tool" */;
			compatibilityVersion = "Xcode 8.0";
			developmentRegion = en;
			hasScannedForEncodings = 0;
			knownRegions = (
				en,
				Base,
			);
			mainGroup = 3363B0DC20D35A2F009A7840;
			productRefGroup = 3363B0E620D35A2F009A7840 /* Products */;
			projectDirPath = "";
			projectRoot = "";
			targets = (
				3363B0E420D35A2F009A7840 /* xib_Tool */,
			);
		};
/* End PBXProject section */

/* Begin PBXResourcesBuildPhase section */
		3363B0E320D35A2F009A7840 /* Resources */ = {
			isa = PBXResourcesBuildPhase;
			buildActionMask = 2147483647;
			files = (
				3363B0F520D35A2F009A7840 /* LaunchScreen.storyboard in Resources */,
				3363B0F220D35A2F009A7840 /* Assets.xcassets in Resources */,
				3363B0F020D35A2F009A7840 /* Main.storyboard in Resources */,
			);
			runOnlyForDeploymentPostprocessing = 0;
		};
/* End PBXResourcesBuildPhase section */

/* Begin PBXSourcesBuildPhase section */
		3363B0E120D35A2F009A7840 /* Sources */ = {
			isa = PBXSourcesBuildPhase;
			buildActionMask = 2147483647;
			files = (
				3363B11020D3A90B009A7840 /* UILabel+Operation.m in Sources */,
				3363B0ED20D35A2F009A7840 /* ViewController.m in Sources */,
				331C542820E5BAFA005B9CB3 /* UITextView+FontZoom.m in Sources */,
				331C542920E5BAFA005B9CB3 /* UIButton+FontZoom.m in Sources */,
				3363B10920D3957C009A7840 /* UIButton+Operation.m in Sources */,
				3363B10520D3631F009A7840 /* UIView+Operation.m in Sources */,
				3363B0F820D35A2F009A7840 /* main.m in Sources */,
				331C542A20E5BAFA005B9CB3 /* UITextField+FontZoom.m in Sources */,
				3363B0EA20D35A2F009A7840 /* AppDelegate.m in Sources */,
				331C542720E5BAFA005B9CB3 /* UILabel+FontZoom.m in Sources */,
				3313DA0820E4DE01001FDD56 /* UIView+FontZoom.m in Sources */,
				3363B10C20D39A4D009A7840 /* ButtonClickViewController.m in Sources */,
				3363B10220D35B54009A7840 /* NSLayoutConstraint+Adapter.m in Sources */,
			);
			runOnlyForDeploymentPostprocessing = 0;
		};
/* End PBXSourcesBuildPhase section */

/* Begin PBXVariantGroup section */
		3363B0EE20D35A2F009A7840 /* Main.storyboard */ = {
			isa = PBXVariantGroup;
			children = (
				3363B0EF20D35A2F009A7840 /* Base */,
			);
			name = Main.storyboard;
			sourceTree = "<group>";
		};
		3363B0F320D35A2F009A7840 /* LaunchScreen.storyboard */ = {
			isa = PBXVariantGroup;
			children = (
				3363B0F420D35A2F009A7840 /* Base */,
			);
			name = LaunchScreen.storyboard;
			sourceTree = "<group>";
		};
/* End PBXVariantGroup section */

/* Begin XCBuildConfiguration section */
		3363B0F920D35A2F009A7840 /* Debug */ = {
			isa = XCBuildConfiguration;
			buildSettings = {
				ALWAYS_SEARCH_USER_PATHS = NO;
				CLANG_ANALYZER_NONNULL = YES;
				CLANG_ANALYZER_NUMBER_OBJECT_CONVERSION = YES_AGGRESSIVE;
				CLANG_CXX_LANGUAGE_STANDARD = "gnu++14";
				CLANG_CXX_LIBRARY = "libc++";
				CLANG_ENABLE_MODULES = YES;
				CLANG_ENABLE_OBJC_ARC = YES;
				CLANG_WARN_BLOCK_CAPTURE_AUTORELEASING = YES;
				CLANG_WARN_BOOL_CONVERSION = YES;
				CLANG_WARN_COMMA = YES;
				CLANG_WARN_CONSTANT_CONVERSION = YES;
				CLANG_WARN_DIRECT_OBJC_ISA_USAGE = YES_ERROR;
				CLANG_WARN_DOCUMENTATION_COMMENTS = YES;
				CLANG_WARN_EMPTY_BODY = YES;
				CLANG_WARN_ENUM_CONVERSION = YES;
				CLANG_WARN_INFINITE_RECURSION = YES;
				CLANG_WARN_INT_CONVERSION = YES;
				CLANG_WARN_NON_LITERAL_NULL_CONVERSION = YES;
				CLANG_WARN_OBJC_LITERAL_CONVERSION = YES;
				CLANG_WARN_OBJC_ROOT_CLASS = YES_ERROR;
				CLANG_WARN_RANGE_LOOP_ANALYSIS = YES;
				CLANG_WARN_STRICT_PROTOTYPES = YES;
				CLANG_WARN_SUSPICIOUS_MOVE = YES;
				CLANG_WARN_UNGUARDED_AVAILABILITY = YES_AGGRESSIVE;
				CLANG_WARN_UNREACHABLE_CODE = YES;
				CLANG_WARN__DUPLICATE_METHOD_MATCH = YES;
				CODE_SIGN_IDENTITY = "iPhone Developer";
				COPY_PHASE_STRIP = NO;
				DEBUG_INFORMATION_FORMAT = dwarf;
				ENABLE_STRICT_OBJC_MSGSEND = YES;
				ENABLE_TESTABILITY = YES;
				GCC_C_LANGUAGE_STANDARD = gnu11;
				GCC_DYNAMIC_NO_PIC = NO;
				GCC_NO_COMMON_BLOCKS = YES;
				GCC_OPTIMIZATION_LEVEL = 0;
				GCC_PREPROCESSOR_DEFINITIONS = (
					"DEBUG=1",
					"$(inherited)",
				);
				GCC_WARN_64_TO_32_BIT_CONVERSION = YES;
				GCC_WARN_ABOUT_RETURN_TYPE = YES_ERROR;
				GCC_WARN_UNDECLARED_SELECTOR = YES;
				GCC_WARN_UNINITIALIZED_AUTOS = YES_AGGRESSIVE;
				GCC_WARN_UNUSED_FUNCTION = YES;
				GCC_WARN_UNUSED_VARIABLE = YES;
				IPHONEOS_DEPLOYMENT_TARGET = 11.1;
				MTL_ENABLE_DEBUG_INFO = YES;
				ONLY_ACTIVE_ARCH = YES;
				SDKROOT = iphoneos;
			};
			name = Debug;
		};
		3363B0FA20D35A2F009A7840 /* Release */ = {
			isa = XCBuildConfiguration;
			buildSettings = {
				ALWAYS_SEARCH_USER_PATHS = NO;
				CLANG_ANALYZER_NONNULL = YES;
				CLANG_ANALYZER_NUMBER_OBJECT_CONVERSION = YES_AGGRESSIVE;
				CLANG_CXX_LANGUAGE_STANDARD = "gnu++14";
				CLANG_CXX_LIBRARY = "libc++";
				CLANG_ENABLE_MODULES = YES;
				CLANG_ENABLE_OBJC_ARC = YES;
				CLANG_WARN_BLOCK_CAPTURE_AUTORELEASING = YES;
				CLANG_WARN_BOOL_CONVERSION = YES;
				CLANG_WARN_COMMA = YES;
				CLANG_WARN_CONSTANT_CONVERSION = YES;
				CLANG_WARN_DIRECT_OBJC_ISA_USAGE = YES_ERROR;
				CLANG_WARN_DOCUMENTATION_COMMENTS = YES;
				CLANG_WARN_EMPTY_BODY = YES;
				CLANG_WARN_ENUM_CONVERSION = YES;
				CLANG_WARN_INFINITE_RECURSION = YES;
				CLANG_WARN_INT_CONVERSION = YES;
				CLANG_WARN_NON_LITERAL_NULL_CONVERSION = YES;
				CLANG_WARN_OBJC_LITERAL_CONVERSION = YES;
				CLANG_WARN_OBJC_ROOT_CLASS = YES_ERROR;
				CLANG_WARN_RANGE_LOOP_ANALYSIS = YES;
				CLANG_WARN_STRICT_PROTOTYPES = YES;
				CLANG_WARN_SUSPICIOUS_MOVE = YES;
				CLANG_WARN_UNGUARDED_AVAILABILITY = YES_AGGRESSIVE;
				CLANG_WARN_UNREACHABLE_CODE = YES;
				CLANG_WARN__DUPLICATE_METHOD_MATCH = YES;
				CODE_SIGN_IDENTITY = "iPhone Developer";
				COPY_PHASE_STRIP = NO;
				DEBUG_INFORMATION_FORMAT = "dwarf-with-dsym";
				ENABLE_NS_ASSERTIONS = NO;
				ENABLE_STRICT_OBJC_MSGSEND = YES;
				GCC_C_LANGUAGE_STANDARD = gnu11;
				GCC_NO_COMMON_BLOCKS = YES;
				GCC_WARN_64_TO_32_BIT_CONVERSION = YES;
				GCC_WARN_ABOUT_RETURN_TYPE = YES_ERROR;
				GCC_WARN_UNDECLARED_SELECTOR = YES;
				GCC_WARN_UNINITIALIZED_AUTOS = YES_AGGRESSIVE;
				GCC_WARN_UNUSED_FUNCTION = YES;
				GCC_WARN_UNUSED_VARIABLE = YES;
				IPHONEOS_DEPLOYMENT_TARGET = 11.1;
				MTL_ENABLE_DEBUG_INFO = NO;
				SDKROOT = iphoneos;
				VALIDATE_PRODUCT = YES;
			};
			name = Release;
		};
		3363B0FC20D35A2F009A7840 /* Debug */ = {
			isa = XCBuildConfiguration;
			buildSettings = {
				ASSETCATALOG_COMPILER_APPICON_NAME = AppIcon;
				CODE_SIGN_STYLE = Automatic;
				INFOPLIST_FILE = xib_Tool/Info.plist;
				LD_RUNPATH_SEARCH_PATHS = "$(inherited) @executable_path/Frameworks";
				PRODUCT_BUNDLE_IDENTIFIER = "wwer.xib-Tool";
				PRODUCT_NAME = "$(TARGET_NAME)";
				TARGETED_DEVICE_FAMILY = "1,2";
			};
			name = Debug;
		};
		3363B0FD20D35A2F009A7840 /* Release */ = {
			isa = XCBuildConfiguration;
			buildSettings = {
				ASSETCATALOG_COMPILER_APPICON_NAME = AppIcon;
				CODE_SIGN_STYLE = Automatic;
				INFOPLIST_FILE = xib_Tool/Info.plist;
				LD_RUNPATH_SEARCH_PATHS = "$(inherited) @executable_path/Frameworks";
				PRODUCT_BUNDLE_IDENTIFIER = "wwer.xib-Tool";
				PRODUCT_NAME = "$(TARGET_NAME)";
				TARGETED_DEVICE_FAMILY = "1,2";
			};
			name = Release;
		};
/* End XCBuildConfiguration section */

/* Begin XCConfigurationList section */
		3363B0E020D35A2F009A7840 /* Build configuration list for PBXProject "xib_Tool" */ = {
			isa = XCConfigurationList;
			buildConfigurations = (
				3363B0F920D35A2F009A7840 /* Debug */,
				3363B0FA20D35A2F009A7840 /* Release */,
			);
			defaultConfigurationIsVisible = 0;
			defaultConfigurationName = Release;
		};
		3363B0FB20D35A2F009A7840 /* Build configuration list for PBXNativeTarget "xib_Tool" */ = {
			isa = XCConfigurationList;
			buildConfigurations = (
				3363B0FC20D35A2F009A7840 /* Debug */,
				3363B0FD20D35A2F009A7840 /* Release */,
			);
			defaultConfigurationIsVisible = 0;
			defaultConfigurationName = Release;
		};
/* End XCConfigurationList section */
	};
	rootObject = 3363B0DD20D35A2F009A7840 /* Project object */;
}
